
Microsoft Visual Studio Solution File, Format Version 12.00
# Visual Studio 15
VisualStudioVersion = 15.0.28010.2036
MinimumVisualStudioVersion = 10.0.40219.1
Project("{FAE04EC0-301F-11D3-BF4B-00C04F79EFBC}") = "OutlookWebAddinNetCoreDemo", "OutlookWebAddinNetCoreDemo\OutlookWebAddinNetCoreDemo.csproj", "{DD6F3774-02C1-4451-91BB-97203682AE67}"
EndProject
Global
	GlobalSection(SolutionConfigurationPlatforms) = preSolution
		Debug|Any CPU = Debug|Any CPU
		Release|Any CPU = Release|Any CPU
	EndGlobalSection
	GlobalSection(ProjectConfigurationPlatforms) = postSolution
		{DD6F3774-02C1-4451-91BB-97203682AE67}.Debug|Any CPU.ActiveCfg = Debug|Any CPU
		{DD6F3774-02C1-4451-91BB-97203682AE67}.Debug|Any CPU.Build.0 = Debug|Any CPU
		{DD6F3774-02C1-4451-91BB-97203682AE67}.Release|Any CPU.ActiveCfg = Release|Any CPU
		{DD6F3774-02C1-4451-91BB-97203682AE67}.Release|Any CPU.Build.0 = Release|Any CPU
	EndGlobalSection
	GlobalSection(SolutionProperties) = preSolution
		HideSolutionNode = FALSE
	EndGlobalSection
	GlobalSection(ExtensibilityGlobals) = postSolution
		SolutionGuid = {ABCB4AE1-31D4-40B6-81CC-E5ECDFFF6B2E}
	EndGlobalSection
EndGlobal
